
Microsoft Visual Studio Solution File, Format Version 12.00
# Visual Studio Version 16
VisualStudioVersion = 16.0.29905.134
MinimumVisualStudioVersion = 10.0.40219.1
Project("{FAE04EC0-301F-11D3-BF4B-00C04F79EFBC}") = "perf", "perf.csproj", "{C703A162-4CEE-4006-B2BE-F60D302301FA}"
EndProject
Global
	GlobalSection(SolutionConfigurationPlatforms) = preSolution
		Debug|Any CPU = Debug|Any CPU
		Release|Any CPU = Release|Any CPU
	EndGlobalSection
	GlobalSection(ProjectConfigurationPlatforms) = postSolution
		{C703A162-4CEE-4006-B2BE-F60D302301FA}.Debug|Any CPU.ActiveCfg = Debug|Any CPU
		{C703A162-4CEE-4006-B2BE-F60D302301FA}.Debug|Any CPU.Build.0 = Debug|Any CPU
		{C703A162-4CEE-4006-B2BE-F60D302301FA}.Release|Any CPU.ActiveCfg = Release|Any CPU
		{C703A162-4CEE-4006-B2BE-F60D302301FA}.Release|Any CPU.Build.0 = Release|Any CPU
	EndGlobalSection
	GlobalSection(SolutionProperties) = preSolution
		HideSolutionNode = FALSE
	EndGlobalSection
	GlobalSection(ExtensibilityGlobals) = postSolution
		SolutionGuid = {169E43FB-34BD-4B81-95BB-1398452BA87C}
	EndGlobalSection
EndGlobal
